
Microsoft Visual Studio Solution File, Format Version 12.00
# Visual Studio Version 17
VisualStudioVersion = 17.13.35931.197
MinimumVisualStudioVersion = 10.0.40219.1
Project("{2150E333-8FDC-42A3-9474-1A3956D46DE8}") = "Services", "Services", "{02EA681E-C7D8-13C7-8484-4AC65E1B71E8}"
EndProject
Project("{2150E333-8FDC-42A3-9474-1A3956D46DE8}") = "Catalog", "Catalog", "{BDE3B269-12B0-484D-ADD1-D9466E36FFBB}"
EndProject
Project("{FAE04EC0-301F-11D3-BF4B-00C04F79EFBC}") = "MultiShop.Catalog", "Services\Catalog\MultiShop.Catalog\MultiShop.Catalog.csproj", "{C2C3FBDB-CE6B-4D1D-8583-9C9E7D368718}"
EndProject
Project("{2150E333-8FDC-42A3-9474-1A3956D46DE8}") = "Discount", "Discount", "{D9FD6160-2EE4-4A5E-88A4-D72BA92AC6AE}"
EndProject
Project("{FAE04EC0-301F-11D3-BF4B-00C04F79EFBC}") = "MultiShop.Discount", "Services\Discount\MultiShop.Discount\MultiShop.Discount.csproj", "{99226267-E523-4B78-8080-1110E0B63897}"
EndProject
Project("{2150E333-8FDC-42A3-9474-1A3956D46DE8}") = "Order", "Order", "{86B48E91-8672-48FA-BD57-809C1BEFBFA7}"
EndProject
Project("{2150E333-8FDC-42A3-9474-1A3956D46DE8}") = "Core", "Core", "{10E6AF37-44C3-4D6A-AC5D-4F098B8ADA8C}"
EndProject
Project("{2150E333-8FDC-42A3-9474-1A3956D46DE8}") = "Infrastructure", "Infrastructure", "{9D24C00E-1EDB-41F3-B588-D61C284116D0}"
EndProject
Project("{2150E333-8FDC-42A3-9474-1A3956D46DE8}") = "Presentation", "Presentation", "{04AAC96D-6A54-47B1-9BCC-484D9A4E5230}"
EndProject
Project("{FAE04EC0-301F-11D3-BF4B-00C04F79EFBC}") = "MultiShop.Order.Domain", "Services\Order\Core\MultiShop.Order.Domain\MultiShop.Order.Domain.csproj", "{38F8427D-CFBB-40C0-BA61-CE31E76E2D84}"
EndProject
Project("{FAE04EC0-301F-11D3-BF4B-00C04F79EFBC}") = "MultiShop.Order.Application", "Services\Order\Core\MultiShop.Order.Application\MultiShop.Order.Application.csproj", "{E98CCB6C-6ED3-478A-8458-25B7C57C23EF}"
EndProject
Project("{FAE04EC0-301F-11D3-BF4B-00C04F79EFBC}") = "MultiShop.Order.Infrastructure", "Services\Order\Infrastructure\MultiShop.Order.Infrastructure\MultiShop.Order.Infrastructure.csproj", "{C8518128-BDC9-4202-B6E9-DCA0AE814F72}"
EndProject
Project("{FAE04EC0-301F-11D3-BF4B-00C04F79EFBC}") = "MultiShop.Order.Persistence", "Services\Order\Infrastructure\MultiShop.Order.Persistence\MultiShop.Order.Persistence.csproj", "{6E78051E-3B5C-440A-A815-B0A69827CC0E}"
EndProject
Project("{FAE04EC0-301F-11D3-BF4B-00C04F79EFBC}") = "MultiShop.Order.WebApi", "Services\Order\Presentation\MultiShop.Order.WebApi\MultiShop.Order.WebApi.csproj", "{F9641174-83C9-41A2-9FE9-CFAE0DE06973}"
EndProject
Project("{2150E333-8FDC-42A3-9474-1A3956D46DE8}") = "IdentityServer", "IdentityServer", "{8C678F81-7DCC-487C-A097-A38BAFA729CA}"
EndProject
Project("{FAE04EC0-301F-11D3-BF4B-00C04F79EFBC}") = "MultiShop.IdentityServer", "IdentityServer\MultiShop.IdentityServer\MultiShop.IdentityServer.csproj", "{EA14094F-FB55-5ABC-1402-B4229C4AD0B1}"
EndProject
Project("{2150E333-8FDC-42A3-9474-1A3956D46DE8}") = "Requirements", "Requirements", "{48A4EC31-B331-4B84-90E0-5331958A8054}"
	ProjectSection(SolutionItems) = preProject
		AdminStatisticApiForUI.txt = AdminStatisticApiForUI.txt
		articlesandBlogs.txt = articlesandBlogs.txt
		CreditCard.txt = CreditCard.txt
		FontAwesomeLink.txt = FontAwesomeLink.txt
		GoogleCloudStorageCodes.txt = GoogleCloudStorageCodes.txt
		IdentityServerVersionErrorSolition.txt = IdentityServerVersionErrorSolition.txt
		LoginIndex.txt = LoginIndex.txt
		OcelotCodeExample.txt = OcelotCodeExample.txt
		OcelotLİnk.txt = OcelotLİnk.txt
		PortainerCmd.txt = PortainerCmd.txt
		PortNumbers.txt = PortNumbers.txt
		SimpleCode.txt = SimpleCode.txt
		userexample.txt = userexample.txt
	EndProjectSection
EndProject
Project("{2150E333-8FDC-42A3-9474-1A3956D46DE8}") = "Cargo", "Cargo", "{4C8BB210-507C-4B44-8A2C-60EE212E01FA}"
EndProject
Project("{FAE04EC0-301F-11D3-BF4B-00C04F79EFBC}") = "MultiShop.Cargo.EntityLayer", "Services\Cargo\MultiShop.Cargo.EntityLayer\MultiShop.Cargo.EntityLayer.csproj", "{074D75AC-D4BC-43EA-B2CD-2483C7981A6B}"
EndProject
Project("{FAE04EC0-301F-11D3-BF4B-00C04F79EFBC}") = "MultiShop.Cargo.BusinessLayer", "Services\Cargo\MultiShop.Cargo.BusinessLayer\MultiShop.Cargo.BusinessLayer.csproj", "{E1B6F137-3599-4739-8B72-560AA06CC279}"
EndProject
Project("{FAE04EC0-301F-11D3-BF4B-00C04F79EFBC}") = "MultiShop.Cargo.DataAccessLayer", "Services\Cargo\MultiShop.Cargo.DataAccessLayer\MultiShop.Cargo.DataAccessLayer.csproj", "{8396011A-84F7-4D7C-BD2F-ABD6E31BA4CC}"
EndProject
Project("{FAE04EC0-301F-11D3-BF4B-00C04F79EFBC}") = "MultiShop.Cargo.DtoLayer", "Services\Cargo\MultiShop.Cargo.DtoLayer\MultiShop.Cargo.DtoLayer.csproj", "{352E6360-BEDD-4687-860D-702215265966}"
EndProject
Project("{FAE04EC0-301F-11D3-BF4B-00C04F79EFBC}") = "MultiShop.Cargo.WebApi", "Services\Cargo\MultiShop.Cargo.WebApi\MultiShop.Cargo.WebApi.csproj", "{7027BF2C-EBDE-4A5B-A9CA-AE3B82D5F124}"
EndProject
Project("{2150E333-8FDC-42A3-9474-1A3956D46DE8}") = "Basket", "Basket", "{A226407A-3B12-4E07-951E-46CC7710ABDD}"
EndProject
Project("{FAE04EC0-301F-11D3-BF4B-00C04F79EFBC}") = "MultiShop.Basket", "Services\Basket\MultiShop.Basket\MultiShop.Basket.csproj", "{D9ED85F3-A056-416C-872F-AD5E629624BC}"
EndProject
Project("{2150E333-8FDC-42A3-9474-1A3956D46DE8}") = "Frontends", "Frontends", "{6263D5E0-D63B-43D2-92FE-9A95E4AF3B23}"
EndProject
Project("{FAE04EC0-301F-11D3-BF4B-00C04F79EFBC}") = "MultiShop.WebUI", "Frontends\MultiShop.WebUI\MultiShop.WebUI.csproj", "{AABAC880-9B66-497C-A5A4-6C92864CEAA9}"
EndProject
Project("{FAE04EC0-301F-11D3-BF4B-00C04F79EFBC}") = "MultiShop.DtoLayer", "Frontends\MultiShop.DtoLayer\MultiShop.DtoLayer.csproj", "{1F4FE2CF-D91C-4B3A-8749-F3D3F27EE7BA}"
EndProject
Project("{2150E333-8FDC-42A3-9474-1A3956D46DE8}") = "Comment", "Comment", "{DADC7501-90F1-1F9E-A2D9-0BC4EB5D0E2E}"
EndProject
Project("{FAE04EC0-301F-11D3-BF4B-00C04F79EFBC}") = "MultiShop.Comment", "Services\Comment\MultiShop.Comment\MultiShop.Comment.csproj", "{FB9C9E5A-334B-4527-B0D3-58110D863029}"
EndProject
Project("{2150E333-8FDC-42A3-9474-1A3956D46DE8}") = "ApiGateway", "ApiGateway", "{20EEA778-D8A4-408D-A34A-1616326CF2DF}"
EndProject
Project("{2150E333-8FDC-42A3-9474-1A3956D46DE8}") = "RapidApi", "RapidApi", "{987DE7CD-928C-408B-A6EF-193A6CB11DB6}"
EndProject
Project("{FAE04EC0-301F-11D3-BF4B-00C04F79EFBC}") = "MultiShop.OcelotGateway", "ApiGateway\MultiShop.OcelotGateway\MultiShop.OcelotGateway.csproj", "{C9E2313C-9A6E-4FE7-8BCA-FD0E3402FB68}"
EndProject
Project("{2150E333-8FDC-42A3-9474-1A3956D46DE8}") = "Payment", "Payment", "{BE6286B9-1336-421B-A048-1322330B0F37}"
EndProject
Project("{FAE04EC0-301F-11D3-BF4B-00C04F79EFBC}") = "MultiShop.Payment", "Services\Payment\MultiShop.Payment\MultiShop.Payment.csproj", "{DCB4974B-2F76-4C96-92BB-2D4618A35329}"
EndProject
Project("{2150E333-8FDC-42A3-9474-1A3956D46DE8}") = "Images", "Images", "{7BA2BCDB-153F-47DA-BF8B-32C97F998DB7}"
EndProject
Project("{FAE04EC0-301F-11D3-BF4B-00C04F79EFBC}") = "MultiShop.Images", "Services\Images\MultiShop.Images\MultiShop.Images.csproj", "{A8CC522C-AEEA-4107-A0F3-8CBC573B5A54}"
EndProject
Project("{2150E333-8FDC-42A3-9474-1A3956D46DE8}") = "Message", "Message", "{960B58BF-75D4-4409-8DD9-45274380065C}"
EndProject
Project("{FAE04EC0-301F-11D3-BF4B-00C04F79EFBC}") = "MultiShop.Message", "Services\Message\MultiShop.Message\MultiShop.Message.csproj", "{E0928954-B432-4B61-8E64-4A1F87644C20}"
EndProject
Project("{2150E333-8FDC-42A3-9474-1A3956D46DE8}") = "SignalRRealTime", "SignalRRealTime", "{4E50B194-063E-44CB-AA99-99FCC6A0FB82}"
EndProject
Project("{FAE04EC0-301F-11D3-BF4B-00C04F79EFBC}") = "MultiShop.SignalRRealTimeApi", "Services\SignalRRealTime\MultiShop.SignalRRealTimeApi\MultiShop.SignalRRealTimeApi.csproj", "{D3DD51AF-8738-4C93-BD5B-EBA57FFBE21E}"
EndProject
Project("{FAE04EC0-301F-11D3-BF4B-00C04F79EFBC}") = "MultiShop.Images.WebUI", "Services\Images\MultiShop.Images.WebUI\MultiShop.Images.WebUI.csproj", "{DA5247DB-354A-4823-9EC8-1D0923DA21F2}"
EndProject
Project("{2150E333-8FDC-42A3-9474-1A3956D46DE8}") = "RabbitMQMessage", "RabbitMQMessage", "{5F6477F7-1895-4ED5-9D50-85B20F13F679}"
EndProject
Project("{FAE04EC0-301F-11D3-BF4B-00C04F79EFBC}") = "MultiShop.RabbitMQMessage", "Services\RabbitMQMessage\MultiShop.RabbitMQMessage\MultiShop.RabbitMQMessage.csproj", "{BD59F27C-8FF0-4064-8350-92FBD37F45CA}"
EndProject
Project("{FAE04EC0-301F-11D3-BF4B-00C04F79EFBC}") = "MultiShop.RapidApiWebUI", "RapidApi\MultiShop.RapidApiWebUI\MultiShop.RapidApiWebUI.csproj", "{35A8F6CA-127D-4422-B18E-19FA63B3437F}"
EndProject
Global
	GlobalSection(SolutionConfigurationPlatforms) = preSolution
		Debug|Any CPU = Debug|Any CPU
		Release|Any CPU = Release|Any CPU
	EndGlobalSection
	GlobalSection(ProjectConfigurationPlatforms) = postSolution
		{C2C3FBDB-CE6B-4D1D-8583-9C9E7D368718}.Debug|Any CPU.ActiveCfg = Debug|Any CPU
		{C2C3FBDB-CE6B-4D1D-8583-9C9E7D368718}.Debug|Any CPU.Build.0 = Debug|Any CPU
		{C2C3FBDB-CE6B-4D1D-8583-9C9E7D368718}.Release|Any CPU.ActiveCfg = Release|Any CPU
		{C2C3FBDB-CE6B-4D1D-8583-9C9E7D368718}.Release|Any CPU.Build.0 = Release|Any CPU
		{99226267-E523-4B78-8080-1110E0B63897}.Debug|Any CPU.ActiveCfg = Debug|Any CPU
		{99226267-E523-4B78-8080-1110E0B63897}.Debug|Any CPU.Build.0 = Debug|Any CPU
		{99226267-E523-4B78-8080-1110E0B63897}.Release|Any CPU.ActiveCfg = Release|Any CPU
		{99226267-E523-4B78-8080-1110E0B63897}.Release|Any CPU.Build.0 = Release|Any CPU
		{38F8427D-CFBB-40C0-BA61-CE31E76E2D84}.Debug|Any CPU.ActiveCfg = Debug|Any CPU
		{38F8427D-CFBB-40C0-BA61-CE31E76E2D84}.Debug|Any CPU.Build.0 = Debug|Any CPU
		{38F8427D-CFBB-40C0-BA61-CE31E76E2D84}.Release|Any CPU.ActiveCfg = Release|Any CPU
		{38F8427D-CFBB-40C0-BA61-CE31E76E2D84}.Release|Any CPU.Build.0 = Release|Any CPU
		{E98CCB6C-6ED3-478A-8458-25B7C57C23EF}.Debug|Any CPU.ActiveCfg = Debug|Any CPU
		{E98CCB6C-6ED3-478A-8458-25B7C57C23EF}.Debug|Any CPU.Build.0 = Debug|Any CPU
		{E98CCB6C-6ED3-478A-8458-25B7C57C23EF}.Release|Any CPU.ActiveCfg = Release|Any CPU
		{E98CCB6C-6ED3-478A-8458-25B7C57C23EF}.Release|Any CPU.Build.0 = Release|Any CPU
		{C8518128-BDC9-4202-B6E9-DCA0AE814F72}.Debug|Any CPU.ActiveCfg = Debug|Any CPU
		{C8518128-BDC9-4202-B6E9-DCA0AE814F72}.Debug|Any CPU.Build.0 = Debug|Any CPU
		{C8518128-BDC9-4202-B6E9-DCA0AE814F72}.Release|Any CPU.ActiveCfg = Release|Any CPU
		{C8518128-BDC9-4202-B6E9-DCA0AE814F72}.Release|Any CPU.Build.0 = Release|Any CPU
		{6E78051E-3B5C-440A-A815-B0A69827CC0E}.Debug|Any CPU.ActiveCfg = Debug|Any CPU
		{6E78051E-3B5C-440A-A815-B0A69827CC0E}.Debug|Any CPU.Build.0 = Debug|Any CPU
		{6E78051E-3B5C-440A-A815-B0A69827CC0E}.Release|Any CPU.ActiveCfg = Release|Any CPU
		{6E78051E-3B5C-440A-A815-B0A69827CC0E}.Release|Any CPU.Build.0 = Release|Any CPU
		{F9641174-83C9-41A2-9FE9-CFAE0DE06973}.Debug|Any CPU.ActiveCfg = Debug|Any CPU
		{F9641174-83C9-41A2-9FE9-CFAE0DE06973}.Debug|Any CPU.Build.0 = Debug|Any CPU
		{F9641174-83C9-41A2-9FE9-CFAE0DE06973}.Release|Any CPU.ActiveCfg = Release|Any CPU
		{F9641174-83C9-41A2-9FE9-CFAE0DE06973}.Release|Any CPU.Build.0 = Release|Any CPU
		{EA14094F-FB55-5ABC-1402-B4229C4AD0B1}.Debug|Any CPU.ActiveCfg = Debug|Any CPU
		{EA14094F-FB55-5ABC-1402-B4229C4AD0B1}.Debug|Any CPU.Build.0 = Debug|Any CPU
		{EA14094F-FB55-5ABC-1402-B4229C4AD0B1}.Release|Any CPU.ActiveCfg = Release|Any CPU
		{EA14094F-FB55-5ABC-1402-B4229C4AD0B1}.Release|Any CPU.Build.0 = Release|Any CPU
		{074D75AC-D4BC-43EA-B2CD-2483C7981A6B}.Debug|Any CPU.ActiveCfg = Debug|Any CPU
		{074D75AC-D4BC-43EA-B2CD-2483C7981A6B}.Debug|Any CPU.Build.0 = Debug|Any CPU
		{074D75AC-D4BC-43EA-B2CD-2483C7981A6B}.Release|Any CPU.ActiveCfg = Release|Any CPU
		{074D75AC-D4BC-43EA-B2CD-2483C7981A6B}.Release|Any CPU.Build.0 = Release|Any CPU
		{E1B6F137-3599-4739-8B72-560AA06CC279}.Debug|Any CPU.ActiveCfg = Debug|Any CPU
		{E1B6F137-3599-4739-8B72-560AA06CC279}.Debug|Any CPU.Build.0 = Debug|Any CPU
		{E1B6F137-3599-4739-8B72-560AA06CC279}.Release|Any CPU.ActiveCfg = Release|Any CPU
		{E1B6F137-3599-4739-8B72-560AA06CC279}.Release|Any CPU.Build.0 = Release|Any CPU
		{8396011A-84F7-4D7C-BD2F-ABD6E31BA4CC}.Debug|Any CPU.ActiveCfg = Debug|Any CPU
		{8396011A-84F7-4D7C-BD2F-ABD6E31BA4CC}.Debug|Any CPU.Build.0 = Debug|Any CPU
		{8396011A-84F7-4D7C-BD2F-ABD6E31BA4CC}.Release|Any CPU.ActiveCfg = Release|Any CPU
		{8396011A-84F7-4D7C-BD2F-ABD6E31BA4CC}.Release|Any CPU.Build.0 = Release|Any CPU
		{352E6360-BEDD-4687-860D-702215265966}.Debug|Any CPU.ActiveCfg = Debug|Any CPU
		{352E6360-BEDD-4687-860D-702215265966}.Debug|Any CPU.Build.0 = Debug|Any CPU
		{352E6360-BEDD-4687-860D-702215265966}.Release|Any CPU.ActiveCfg = Release|Any CPU
		{352E6360-BEDD-4687-860D-702215265966}.Release|Any CPU.Build.0 = Release|Any CPU
		{7027BF2C-EBDE-4A5B-A9CA-AE3B82D5F124}.Debug|Any CPU.ActiveCfg = Debug|Any CPU
		{7027BF2C-EBDE-4A5B-A9CA-AE3B82D5F124}.Debug|Any CPU.Build.0 = Debug|Any CPU
		{7027BF2C-EBDE-4A5B-A9CA-AE3B82D5F124}.Release|Any CPU.ActiveCfg = Release|Any CPU
		{7027BF2C-EBDE-4A5B-A9CA-AE3B82D5F124}.Release|Any CPU.Build.0 = Release|Any CPU
		{D9ED85F3-A056-416C-872F-AD5E629624BC}.Debug|Any CPU.ActiveCfg = Debug|Any CPU
		{D9ED85F3-A056-416C-872F-AD5E629624BC}.Debug|Any CPU.Build.0 = Debug|Any CPU
		{D9ED85F3-A056-416C-872F-AD5E629624BC}.Release|Any CPU.ActiveCfg = Release|Any CPU
		{D9ED85F3-A056-416C-872F-AD5E629624BC}.Release|Any CPU.Build.0 = Release|Any CPU
		{AABAC880-9B66-497C-A5A4-6C92864CEAA9}.Debug|Any CPU.ActiveCfg = Debug|Any CPU
		{AABAC880-9B66-497C-A5A4-6C92864CEAA9}.Debug|Any CPU.Build.0 = Debug|Any CPU
		{AABAC880-9B66-497C-A5A4-6C92864CEAA9}.Release|Any CPU.ActiveCfg = Release|Any CPU
		{AABAC880-9B66-497C-A5A4-6C92864CEAA9}.Release|Any CPU.Build.0 = Release|Any CPU
		{1F4FE2CF-D91C-4B3A-8749-F3D3F27EE7BA}.Debug|Any CPU.ActiveCfg = Debug|Any CPU
		{1F4FE2CF-D91C-4B3A-8749-F3D3F27EE7BA}.Debug|Any CPU.Build.0 = Debug|Any CPU
		{1F4FE2CF-D91C-4B3A-8749-F3D3F27EE7BA}.Release|Any CPU.ActiveCfg = Release|Any CPU
		{1F4FE2CF-D91C-4B3A-8749-F3D3F27EE7BA}.Release|Any CPU.Build.0 = Release|Any CPU
		{FB9C9E5A-334B-4527-B0D3-58110D863029}.Debug|Any CPU.ActiveCfg = Debug|Any CPU
		{FB9C9E5A-334B-4527-B0D3-58110D863029}.Debug|Any CPU.Build.0 = Debug|Any CPU
		{FB9C9E5A-334B-4527-B0D3-58110D863029}.Release|Any CPU.ActiveCfg = Release|Any CPU
		{FB9C9E5A-334B-4527-B0D3-58110D863029}.Release|Any CPU.Build.0 = Release|Any CPU
		{C9E2313C-9A6E-4FE7-8BCA-FD0E3402FB68}.Debug|Any CPU.ActiveCfg = Debug|Any CPU
		{C9E2313C-9A6E-4FE7-8BCA-FD0E3402FB68}.Debug|Any CPU.Build.0 = Debug|Any CPU
		{C9E2313C-9A6E-4FE7-8BCA-FD0E3402FB68}.Release|Any CPU.ActiveCfg = Release|Any CPU
		{C9E2313C-9A6E-4FE7-8BCA-FD0E3402FB68}.Release|Any CPU.Build.0 = Release|Any CPU
		{DCB4974B-2F76-4C96-92BB-2D4618A35329}.Debug|Any CPU.ActiveCfg = Debug|Any CPU
		{DCB4974B-2F76-4C96-92BB-2D4618A35329}.Debug|Any CPU.Build.0 = Debug|Any CPU
		{DCB4974B-2F76-4C96-92BB-2D4618A35329}.Release|Any CPU.ActiveCfg = Release|Any CPU
		{DCB4974B-2F76-4C96-92BB-2D4618A35329}.Release|Any CPU.Build.0 = Release|Any CPU
		{A8CC522C-AEEA-4107-A0F3-8CBC573B5A54}.Debug|Any CPU.ActiveCfg = Debug|Any CPU
		{A8CC522C-AEEA-4107-A0F3-8CBC573B5A54}.Debug|Any CPU.Build.0 = Debug|Any CPU
		{A8CC522C-AEEA-4107-A0F3-8CBC573B5A54}.Release|Any CPU.ActiveCfg = Release|Any CPU
		{A8CC522C-AEEA-4107-A0F3-8CBC573B5A54}.Release|Any CPU.Build.0 = Release|Any CPU
		{E0928954-B432-4B61-8E64-4A1F87644C20}.Debug|Any CPU.ActiveCfg = Debug|Any CPU
		{E0928954-B432-4B61-8E64-4A1F87644C20}.Debug|Any CPU.Build.0 = Debug|Any CPU
		{E0928954-B432-4B61-8E64-4A1F87644C20}.Release|Any CPU.ActiveCfg = Release|Any CPU
		{E0928954-B432-4B61-8E64-4A1F87644C20}.Release|Any CPU.Build.0 = Release|Any CPU
		{D3DD51AF-8738-4C93-BD5B-EBA57FFBE21E}.Debug|Any CPU.ActiveCfg = Debug|Any CPU
		{D3DD51AF-8738-4C93-BD5B-EBA57FFBE21E}.Debug|Any CPU.Build.0 = Debug|Any CPU
		{D3DD51AF-8738-4C93-BD5B-EBA57FFBE21E}.Release|Any CPU.ActiveCfg = Release|Any CPU
		{D3DD51AF-8738-4C93-BD5B-EBA57FFBE21E}.Release|Any CPU.Build.0 = Release|Any CPU
		{DA5247DB-354A-4823-9EC8-1D0923DA21F2}.Debug|Any CPU.ActiveCfg = Debug|Any CPU
		{DA5247DB-354A-4823-9EC8-1D0923DA21F2}.Debug|Any CPU.Build.0 = Debug|Any CPU
		{DA5247DB-354A-4823-9EC8-1D0923DA21F2}.Release|Any CPU.ActiveCfg = Release|Any CPU
		{DA5247DB-354A-4823-9EC8-1D0923DA21F2}.Release|Any CPU.Build.0 = Release|Any CPU
		{BD59F27C-8FF0-4064-8350-92FBD37F45CA}.Debug|Any CPU.ActiveCfg = Debug|Any CPU
		{BD59F27C-8FF0-4064-8350-92FBD37F45CA}.Debug|Any CPU.Build.0 = Debug|Any CPU
		{BD59F27C-8FF0-4064-8350-92FBD37F45CA}.Release|Any CPU.ActiveCfg = Release|Any CPU
		{BD59F27C-8FF0-4064-8350-92FBD37F45CA}.Release|Any CPU.Build.0 = Release|Any CPU
		{35A8F6CA-127D-4422-B18E-19FA63B3437F}.Debug|Any CPU.ActiveCfg = Debug|Any CPU
		{35A8F6CA-127D-4422-B18E-19FA63B3437F}.Debug|Any CPU.Build.0 = Debug|Any CPU
		{35A8F6CA-127D-4422-B18E-19FA63B3437F}.Release|Any CPU.ActiveCfg = Release|Any CPU
		{35A8F6CA-127D-4422-B18E-19FA63B3437F}.Release|Any CPU.Build.0 = Release|Any CPU
	EndGlobalSection
	GlobalSection(SolutionProperties) = preSolution
		HideSolutionNode = FALSE
	EndGlobalSection
	GlobalSection(NestedProjects) = preSolution
		{BDE3B269-12B0-484D-ADD1-D9466E36FFBB} = {02EA681E-C7D8-13C7-8484-4AC65E1B71E8}
		{C2C3FBDB-CE6B-4D1D-8583-9C9E7D368718} = {BDE3B269-12B0-484D-ADD1-D9466E36FFBB}
		{D9FD6160-2EE4-4A5E-88A4-D72BA92AC6AE} = {02EA681E-C7D8-13C7-8484-4AC65E1B71E8}
		{99226267-E523-4B78-8080-1110E0B63897} = {D9FD6160-2EE4-4A5E-88A4-D72BA92AC6AE}
		{86B48E91-8672-48FA-BD57-809C1BEFBFA7} = {02EA681E-C7D8-13C7-8484-4AC65E1B71E8}
		{10E6AF37-44C3-4D6A-AC5D-4F098B8ADA8C} = {86B48E91-8672-48FA-BD57-809C1BEFBFA7}
		{9D24C00E-1EDB-41F3-B588-D61C284116D0} = {86B48E91-8672-48FA-BD57-809C1BEFBFA7}
		{04AAC96D-6A54-47B1-9BCC-484D9A4E5230} = {86B48E91-8672-48FA-BD57-809C1BEFBFA7}
		{38F8427D-CFBB-40C0-BA61-CE31E76E2D84} = {10E6AF37-44C3-4D6A-AC5D-4F098B8ADA8C}
		{E98CCB6C-6ED3-478A-8458-25B7C57C23EF} = {10E6AF37-44C3-4D6A-AC5D-4F098B8ADA8C}
		{C8518128-BDC9-4202-B6E9-DCA0AE814F72} = {9D24C00E-1EDB-41F3-B588-D61C284116D0}
		{6E78051E-3B5C-440A-A815-B0A69827CC0E} = {9D24C00E-1EDB-41F3-B588-D61C284116D0}
		{F9641174-83C9-41A2-9FE9-CFAE0DE06973} = {04AAC96D-6A54-47B1-9BCC-484D9A4E5230}
		{EA14094F-FB55-5ABC-1402-B4229C4AD0B1} = {8C678F81-7DCC-487C-A097-A38BAFA729CA}
		{4C8BB210-507C-4B44-8A2C-60EE212E01FA} = {02EA681E-C7D8-13C7-8484-4AC65E1B71E8}
		{074D75AC-D4BC-43EA-B2CD-2483C7981A6B} = {4C8BB210-507C-4B44-8A2C-60EE212E01FA}
		{E1B6F137-3599-4739-8B72-560AA06CC279} = {4C8BB210-507C-4B44-8A2C-60EE212E01FA}
		{8396011A-84F7-4D7C-BD2F-ABD6E31BA4CC} = {4C8BB210-507C-4B44-8A2C-60EE212E01FA}
		{352E6360-BEDD-4687-860D-702215265966} = {4C8BB210-507C-4B44-8A2C-60EE212E01FA}
		{7027BF2C-EBDE-4A5B-A9CA-AE3B82D5F124} = {4C8BB210-507C-4B44-8A2C-60EE212E01FA}
		{A226407A-3B12-4E07-951E-46CC7710ABDD} = {02EA681E-C7D8-13C7-8484-4AC65E1B71E8}
		{D9ED85F3-A056-416C-872F-AD5E629624BC} = {A226407A-3B12-4E07-951E-46CC7710ABDD}
		{AABAC880-9B66-497C-A5A4-6C92864CEAA9} = {6263D5E0-D63B-43D2-92FE-9A95E4AF3B23}
		{1F4FE2CF-D91C-4B3A-8749-F3D3F27EE7BA} = {6263D5E0-D63B-43D2-92FE-9A95E4AF3B23}
		{DADC7501-90F1-1F9E-A2D9-0BC4EB5D0E2E} = {02EA681E-C7D8-13C7-8484-4AC65E1B71E8}
		{FB9C9E5A-334B-4527-B0D3-58110D863029} = {DADC7501-90F1-1F9E-A2D9-0BC4EB5D0E2E}
		{C9E2313C-9A6E-4FE7-8BCA-FD0E3402FB68} = {20EEA778-D8A4-408D-A34A-1616326CF2DF}
		{BE6286B9-1336-421B-A048-1322330B0F37} = {02EA681E-C7D8-13C7-8484-4AC65E1B71E8}
		{DCB4974B-2F76-4C96-92BB-2D4618A35329} = {BE6286B9-1336-421B-A048-1322330B0F37}
		{7BA2BCDB-153F-47DA-BF8B-32C97F998DB7} = {02EA681E-C7D8-13C7-8484-4AC65E1B71E8}
		{A8CC522C-AEEA-4107-A0F3-8CBC573B5A54} = {7BA2BCDB-153F-47DA-BF8B-32C97F998DB7}
		{960B58BF-75D4-4409-8DD9-45274380065C} = {02EA681E-C7D8-13C7-8484-4AC65E1B71E8}
		{E0928954-B432-4B61-8E64-4A1F87644C20} = {960B58BF-75D4-4409-8DD9-45274380065C}
		{4E50B194-063E-44CB-AA99-99FCC6A0FB82} = {02EA681E-C7D8-13C7-8484-4AC65E1B71E8}
		{D3DD51AF-8738-4C93-BD5B-EBA57FFBE21E} = {4E50B194-063E-44CB-AA99-99FCC6A0FB82}
		{DA5247DB-354A-4823-9EC8-1D0923DA21F2} = {7BA2BCDB-153F-47DA-BF8B-32C97F998DB7}
		{5F6477F7-1895-4ED5-9D50-85B20F13F679} = {02EA681E-C7D8-13C7-8484-4AC65E1B71E8}
		{BD59F27C-8FF0-4064-8350-92FBD37F45CA} = {5F6477F7-1895-4ED5-9D50-85B20F13F679}
		{35A8F6CA-127D-4422-B18E-19FA63B3437F} = {987DE7CD-928C-408B-A6EF-193A6CB11DB6}
	EndGlobalSection
	GlobalSection(ExtensibilityGlobals) = postSolution
		SolutionGuid = {7F30CAA3-3961-4B00-AB96-085CB066D885}
	EndGlobalSection
EndGlobal
